// !$*UTF8*$!
{
	archiveVersion = 1;
	classes = {
	};
	objectVersion = 46;
	objects = {

/* Begin PBXBuildFile section */
		C34B5BB617C2707400C073A6 /* main.cpp in Sources */ = {isa = PBXBuildFile; fileRef = C34B5BB517C2707400C073A6 /* main.cpp */; };
		C34B5BB817C2707400C073A6 /* LuaMeadow.1 in CopyFiles */ = {isa = PBXBuildFile; fileRef = C34B5BB717C2707400C073A6 /* LuaMeadow.1 */; };
		C34B5CE217C27C6E00C073A6 /* liblua.a in Frameworks */ = {isa = PBXBuildFile; fileRef = C34B5CE117C27C6E00C073A6 /* liblua.a */; };
		C34B5CE417C27D8200C073A6 /* luascript.lua in CopyFiles */ = {isa = PBXBuildFile; fileRef = C34B5CE317C27D5A00C073A6 /* luascript.lua */; };
		C3EAF9F317CA153100A508F8 /* DWApplication.cpp in Sources */ = {isa = PBXBuildFile; fileRef = C3EAF9F117CA153100A508F8 /* DWApplication.cpp */; };
		C3EAF9F717CA761200A508F8 /* DWMediator.cpp in Sources */ = {isa = PBXBuildFile; fileRef = C3EAF9F517CA761200A508F8 /* DWMediator.cpp */; };
		C3EAFA6A17CA8FC200A508F8 /* app.lua in CopyFiles */ = {isa = PBXBuildFile; fileRef = C3EAF9F917CA8EE000A508F8 /* app.lua */; };
		C3EAFA6B17CA8FC200A508F8 /* array2d.lua in CopyFiles */ = {isa = PBXBuildFile; fileRef = C3EAF9FA17CA8EE000A508F8 /* array2d.lua */; };
		C3EAFA6C17CA8FC200A508F8 /* class.lua in CopyFiles */ = {isa = PBXBuildFile; fileRef = C3EAF9FB17CA8EE000A508F8 /* class.lua */; };
		C3EAFA6D17CA8FC200A508F8 /* compat.lua in CopyFiles */ = {isa = PBXBuildFile; fileRef = C3EAF9FC17CA8EE000A508F8 /* compat.lua */; };
		C3EAFA6E17CA8FC200A508F8 /* comprehension.lua in CopyFiles */ = {isa = PBXBuildFile; fileRef = C3EAF9FD17CA8EE000A508F8 /* comprehension.lua */; };
		C3EAFA6F17CA8FC200A508F8 /* config.lua in CopyFiles */ = {isa = PBXBuildFile; fileRef = C3EAF9FE17CA8EE000A508F8 /* config.lua */; };
		C3EAFA7017CA8FC200A508F8 /* data.lua in CopyFiles */ = {isa = PBXBuildFile; fileRef = C3EAF9FF17CA8EE000A508F8 /* data.lua */; };
		C3EAFA7117CA8FC200A508F8 /* Date.lua in CopyFiles */ = {isa = PBXBuildFile; fileRef = C3EAFA0017CA8EE000A508F8 /* Date.lua */; };
		C3EAFA7217CA8FC200A508F8 /* dir.lua in CopyFiles */ = {isa = PBXBuildFile; fileRef = C3EAFA0117CA8EE000A508F8 /* dir.lua */; };
		C3EAFA7317CA8FC200A508F8 /* file.lua in CopyFiles */ = {isa = PBXBuildFile; fileRef = C3EAFA0217CA8EE000A508F8 /* file.lua */; };
		C3EAFA7417CA8FC200A508F8 /* func.lua in CopyFiles */ = {isa = PBXBuildFile; fileRef = C3EAFA0317CA8EE000A508F8 /* func.lua */; };
		C3EAFA7517CA8FC200A508F8 /* import_into.lua in CopyFiles */ = {isa = PBXBuildFile; fileRef = C3EAFA0417CA8EE000A508F8 /* import_into.lua */; };
		C3EAFA7617CA8FC200A508F8 /* init.lua in CopyFiles */ = {isa = PBXBuildFile; fileRef = C3EAFA0517CA8EE000A508F8 /* init.lua */; };
		C3EAFA7717CA8FC200A508F8 /* input.lua in CopyFiles */ = {isa = PBXBuildFile; fileRef = C3EAFA0617CA8EE000A508F8 /* input.lua */; };
		C3EAFA7817CA8FC200A508F8 /* lapp.lua in CopyFiles */ = {isa = PBXBuildFile; fileRef = C3EAFA0717CA8EE000A508F8 /* lapp.lua */; };
		C3EAFA7917CA8FC200A508F8 /* lexer.lua in CopyFiles */ = {isa = PBXBuildFile; fileRef = C3EAFA0817CA8EE000A508F8 /* lexer.lua */; };
		C3EAFA7A17CA8FC200A508F8 /* List.lua in CopyFiles */ = {isa = PBXBuildFile; fileRef = C3EAFA0917CA8EE000A508F8 /* List.lua */; };
		C3EAFA7B17CA8FC200A508F8 /* luabalanced.lua in CopyFiles */ = {isa = PBXBuildFile; fileRef = C3EAFA0A17CA8EE000A508F8 /* luabalanced.lua */; };
		C3EAFA7C17CA8FC200A508F8 /* Map.lua in CopyFiles */ = {isa = PBXBuildFile; fileRef = C3EAFA0B17CA8EE000A508F8 /* Map.lua */; };
		C3EAFA7D17CA8FC200A508F8 /* MultiMap.lua in CopyFiles */ = {isa = PBXBuildFile; fileRef = C3EAFA0C17CA8EE000A508F8 /* MultiMap.lua */; };
		C3EAFA7E17CA8FC200A508F8 /* operator.lua in CopyFiles */ = {isa = PBXBuildFile; fileRef = C3EAFA0D17CA8EE000A508F8 /* operator.lua */; };
		C3EAFA7F17CA8FC200A508F8 /* OrderedMap.lua in CopyFiles */ = {isa = PBXBuildFile; fileRef = C3EAFA0E17CA8EE000A508F8 /* OrderedMap.lua */; };
		C3EAFA8017CA8FC200A508F8 /* path.lua in CopyFiles */ = {isa = PBXBuildFile; fileRef = C3EAFA0F17CA8EE000A508F8 /* path.lua */; };
		C3EAFA8117CA8FC200A508F8 /* permute.lua in CopyFiles */ = {isa = PBXBuildFile; fileRef = C3EAFA1017CA8EE000A508F8 /* permute.lua */; };
		C3EAFA8217CA8FC200A508F8 /* pretty.lua in CopyFiles */ = {isa = PBXBuildFile; fileRef = C3EAFA1117CA8EE000A508F8 /* pretty.lua */; };
		C3EAFA8317CA8FC200A508F8 /* seq.lua in CopyFiles */ = {isa = PBXBuildFile; fileRef = C3EAFA1217CA8EE000A508F8 /* seq.lua */; };
		C3EAFA8417CA8FC200A508F8 /* Set.lua in CopyFiles */ = {isa = PBXBuildFile; fileRef = C3EAFA1317CA8EE000A508F8 /* Set.lua */; };
		C3EAFA8517CA8FC200A508F8 /* sip.lua in CopyFiles */ = {isa = PBXBuildFile; fileRef = C3EAFA1417CA8EE000A508F8 /* sip.lua */; };
		C3EAFA8617CA8FC200A508F8 /* strict.lua in CopyFiles */ = {isa = PBXBuildFile; fileRef = C3EAFA1517CA8EE000A508F8 /* strict.lua */; };
		C3EAFA8717CA8FC200A508F8 /* stringio.lua in CopyFiles */ = {isa = PBXBuildFile; fileRef = C3EAFA1617CA8EE000A508F8 /* stringio.lua */; };
		C3EAFA8817CA8FC200A508F8 /* stringx.lua in CopyFiles */ = {isa = PBXBuildFile; fileRef = C3EAFA1717CA8EE000A508F8 /* stringx.lua */; };
		C3EAFA8917CA8FC200A508F8 /* tablex.lua in CopyFiles */ = {isa = PBXBuildFile; fileRef = C3EAFA1817CA8EE000A508F8 /* tablex.lua */; };
		C3EAFA8A17CA8FC200A508F8 /* template.lua in CopyFiles */ = {isa = PBXBuildFile; fileRef = C3EAFA1917CA8EE000A508F8 /* template.lua */; };
		C3EAFA8B17CA8FC200A508F8 /* test.lua in CopyFiles */ = {isa = PBXBuildFile; fileRef = C3EAFA1A17CA8EE000A508F8 /* test.lua */; };
		C3EAFA8C17CA8FC200A508F8 /* text.lua in CopyFiles */ = {isa = PBXBuildFile; fileRef = C3EAFA1B17CA8EE000A508F8 /* text.lua */; };
		C3EAFA8D17CA8FC200A508F8 /* utils.lua in CopyFiles */ = {isa = PBXBuildFile; fileRef = C3EAFA1C17CA8EE000A508F8 /* utils.lua */; };
		C3EAFA8E17CA8FC200A508F8 /* xml.lua in CopyFiles */ = {isa = PBXBuildFile; fileRef = C3EAFA1D17CA8EE000A508F8 /* xml.lua */; };
		FD2470FAE9B6E2173C1DC7F0 /* DWController.cpp in Sources */ = {isa = PBXBuildFile; fileRef = FD247ACE4E2218207B9160F8 /* DWController.cpp */; };
/* End PBXBuildFile section */

/* Begin PBXCopyFilesBuildPhase section */
		C34B5BB017C2707400C073A6 /* CopyFiles */ = {
			isa = PBXCopyFilesBuildPhase;
			buildActionMask = 12;
			dstPath = .;
			dstSubfolderSpec = 16;
			files = (
				C34B5CE417C27D8200C073A6 /* luascript.lua in CopyFiles */,
				C34B5BB817C2707400C073A6 /* LuaMeadow.1 in CopyFiles */,
			);
			runOnlyForDeploymentPostprocessing = 0;
		};
		C3EAFA6917CA8FB300A508F8 /* CopyFiles */ = {
			isa = PBXCopyFilesBuildPhase;
			buildActionMask = 2147483647;
			dstPath = pl;
			dstSubfolderSpec = 16;
			files = (
				C3EAFA6A17CA8FC200A508F8 /* app.lua in CopyFiles */,
				C3EAFA6B17CA8FC200A508F8 /* array2d.lua in CopyFiles */,
				C3EAFA6C17CA8FC200A508F8 /* class.lua in CopyFiles */,
				C3EAFA6D17CA8FC200A508F8 /* compat.lua in CopyFiles */,
				C3EAFA6E17CA8FC200A508F8 /* comprehension.lua in CopyFiles */,
				C3EAFA6F17CA8FC200A508F8 /* config.lua in CopyFiles */,
				C3EAFA7017CA8FC200A508F8 /* data.lua in CopyFiles */,
				C3EAFA7117CA8FC200A508F8 /* Date.lua in CopyFiles */,
				C3EAFA7217CA8FC200A508F8 /* dir.lua in CopyFiles */,
				C3EAFA7317CA8FC200A508F8 /* file.lua in CopyFiles */,
				C3EAFA7417CA8FC200A508F8 /* func.lua in CopyFiles */,
				C3EAFA7517CA8FC200A508F8 /* import_into.lua in CopyFiles */,
				C3EAFA7617CA8FC200A508F8 /* init.lua in CopyFiles */,
				C3EAFA7717CA8FC200A508F8 /* input.lua in CopyFiles */,
				C3EAFA7817CA8FC200A508F8 /* lapp.lua in CopyFiles */,
				C3EAFA7917CA8FC200A508F8 /* lexer.lua in CopyFiles */,
				C3EAFA7A17CA8FC200A508F8 /* List.lua in CopyFiles */,
				C3EAFA7B17CA8FC200A508F8 /* luabalanced.lua in CopyFiles */,
				C3EAFA7C17CA8FC200A508F8 /* Map.lua in CopyFiles */,
				C3EAFA7D17CA8FC200A508F8 /* MultiMap.lua in CopyFiles */,
				C3EAFA7E17CA8FC200A508F8 /* operator.lua in CopyFiles */,
				C3EAFA7F17CA8FC200A508F8 /* OrderedMap.lua in CopyFiles */,
				C3EAFA8017CA8FC200A508F8 /* path.lua in CopyFiles */,
				C3EAFA8117CA8FC200A508F8 /* permute.lua in CopyFiles */,
				C3EAFA8217CA8FC200A508F8 /* pretty.lua in CopyFiles */,
				C3EAFA8317CA8FC200A508F8 /* seq.lua in CopyFiles */,
				C3EAFA8417CA8FC200A508F8 /* Set.lua in CopyFiles */,
				C3EAFA8517CA8FC200A508F8 /* sip.lua in CopyFiles */,
				C3EAFA8617CA8FC200A508F8 /* strict.lua in CopyFiles */,
				C3EAFA8717CA8FC200A508F8 /* stringio.lua in CopyFiles */,
				C3EAFA8817CA8FC200A508F8 /* stringx.lua in CopyFiles */,
				C3EAFA8917CA8FC200A508F8 /* tablex.lua in CopyFiles */,
				C3EAFA8A17CA8FC200A508F8 /* template.lua in CopyFiles */,
				C3EAFA8B17CA8FC200A508F8 /* test.lua in CopyFiles */,
				C3EAFA8C17CA8FC200A508F8 /* text.lua in CopyFiles */,
				C3EAFA8D17CA8FC200A508F8 /* utils.lua in CopyFiles */,
				C3EAFA8E17CA8FC200A508F8 /* xml.lua in CopyFiles */,
			);
			runOnlyForDeploymentPostprocessing = 0;
		};
/* End PBXCopyFilesBuildPhase section */

/* Begin PBXFileReference section */
		C34B5BB217C2707400C073A6 /* LuaMeadow */ = {isa = PBXFileReference; explicitFileType = "compiled.mach-o.executable"; includeInIndex = 0; path = LuaMeadow; sourceTree = BUILT_PRODUCTS_DIR; };
		C34B5BB517C2707400C073A6 /* main.cpp */ = {isa = PBXFileReference; lastKnownFileType = sourcecode.cpp.cpp; path = main.cpp; sourceTree = "<group>"; };
		C34B5BB717C2707400C073A6 /* LuaMeadow.1 */ = {isa = PBXFileReference; lastKnownFileType = text.man; path = LuaMeadow.1; sourceTree = "<group>"; };
		C34B5CC717C27B2600C073A6 /* lapi.h */ = {isa = PBXFileReference; fileEncoding = 4; lastKnownFileType = sourcecode.c.h; name = lapi.h; path = "libs/lua-5.2.2/src/lapi.h"; sourceTree = "<group>"; };
		C34B5CC817C27B2600C073A6 /* lauxlib.h */ = {isa = PBXFileReference; fileEncoding = 4; lastKnownFileType = sourcecode.c.h; name = lauxlib.h; path = "libs/lua-5.2.2/src/lauxlib.h"; sourceTree = "<group>"; };
		C34B5CC917C27B2600C073A6 /* lcode.h */ = {isa = PBXFileReference; fileEncoding = 4; lastKnownFileType = sourcecode.c.h; name = lcode.h; path = "libs/lua-5.2.2/src/lcode.h"; sourceTree = "<group>"; };
		C34B5CCA17C27B2600C073A6 /* lctype.h */ = {isa = PBXFileReference; fileEncoding = 4; lastKnownFileType = sourcecode.c.h; name = lctype.h; path = "libs/lua-5.2.2/src/lctype.h"; sourceTree = "<group>"; };
		C34B5CCB17C27B2600C073A6 /* ldebug.h */ = {isa = PBXFileReference; fileEncoding = 4; lastKnownFileType = sourcecode.c.h; name = ldebug.h; path = "libs/lua-5.2.2/src/ldebug.h"; sourceTree = "<group>"; };
		C34B5CCC17C27B2600C073A6 /* ldo.h */ = {isa = PBXFileReference; fileEncoding = 4; lastKnownFileType = sourcecode.c.h; name = ldo.h; path = "libs/lua-5.2.2/src/ldo.h"; sourceTree = "<group>"; };
		C34B5CCD17C27B2600C073A6 /* lfunc.h */ = {isa = PBXFileReference; fileEncoding = 4; lastKnownFileType = sourcecode.c.h; name = lfunc.h; path = "libs/lua-5.2.2/src/lfunc.h"; sourceTree = "<group>"; };
		C34B5CCE17C27B2600C073A6 /* lgc.h */ = {isa = PBXFileReference; fileEncoding = 4; lastKnownFileType = sourcecode.c.h; name = lgc.h; path = "libs/lua-5.2.2/src/lgc.h"; sourceTree = "<group>"; };
		C34B5CCF17C27B2600C073A6 /* llex.h */ = {isa = PBXFileReference; fileEncoding = 4; lastKnownFileType = sourcecode.c.h; name = llex.h; path = "libs/lua-5.2.2/src/llex.h"; sourceTree = "<group>"; };
		C34B5CD017C27B2600C073A6 /* llimits.h */ = {isa = PBXFileReference; fileEncoding = 4; lastKnownFileType = sourcecode.c.h; name = llimits.h; path = "libs/lua-5.2.2/src/llimits.h"; sourceTree = "<group>"; };
		C34B5CD117C27B2600C073A6 /* lmem.h */ = {isa = PBXFileReference; fileEncoding = 4; lastKnownFileType = sourcecode.c.h; name = lmem.h; path = "libs/lua-5.2.2/src/lmem.h"; sourceTree = "<group>"; };
		C34B5CD217C27B2600C073A6 /* lobject.h */ = {isa = PBXFileReference; fileEncoding = 4; lastKnownFileType = sourcecode.c.h; name = lobject.h; path = "libs/lua-5.2.2/src/lobject.h"; sourceTree = "<group>"; };
		C34B5CD317C27B2600C073A6 /* lopcodes.h */ = {isa = PBXFileReference; fileEncoding = 4; lastKnownFileType = sourcecode.c.h; name = lopcodes.h; path = "libs/lua-5.2.2/src/lopcodes.h"; sourceTree = "<group>"; };
		C34B5CD417C27B2600C073A6 /* lparser.h */ = {isa = PBXFileReference; fileEncoding = 4; lastKnownFileType = sourcecode.c.h; name = lparser.h; path = "libs/lua-5.2.2/src/lparser.h"; sourceTree = "<group>"; };
		C34B5CD517C27B2600C073A6 /* lstate.h */ = {isa = PBXFileReference; fileEncoding = 4; lastKnownFileType = sourcecode.c.h; name = lstate.h; path = "libs/lua-5.2.2/src/lstate.h"; sourceTree = "<group>"; };
		C34B5CD617C27B2600C073A6 /* lstring.h */ = {isa = PBXFileReference; fileEncoding = 4; lastKnownFileType = sourcecode.c.h; name = lstring.h; path = "libs/lua-5.2.2/src/lstring.h"; sourceTree = "<group>"; };
		C34B5CD717C27B2600C073A6 /* ltable.h */ = {isa = PBXFileReference; fileEncoding = 4; lastKnownFileType = sourcecode.c.h; name = ltable.h; path = "libs/lua-5.2.2/src/ltable.h"; sourceTree = "<group>"; };
		C34B5CD817C27B2600C073A6 /* ltm.h */ = {isa = PBXFileReference; fileEncoding = 4; lastKnownFileType = sourcecode.c.h; name = ltm.h; path = "libs/lua-5.2.2/src/ltm.h"; sourceTree = "<group>"; };
		C34B5CD917C27B2600C073A6 /* lua.h */ = {isa = PBXFileReference; fileEncoding = 4; lastKnownFileType = sourcecode.c.h; name = lua.h; path = "libs/lua-5.2.2/src/lua.h"; sourceTree = "<group>"; };
		C34B5CDA17C27B2600C073A6 /* luaconf.h */ = {isa = PBXFileReference; fileEncoding = 4; lastKnownFileType = sourcecode.c.h; name = luaconf.h; path = "libs/lua-5.2.2/src/luaconf.h"; sourceTree = "<group>"; };
		C34B5CDB17C27B2600C073A6 /* lualib.h */ = {isa = PBXFileReference; fileEncoding = 4; lastKnownFileType = sourcecode.c.h; name = lualib.h; path = "libs/lua-5.2.2/src/lualib.h"; sourceTree = "<group>"; };
		C34B5CDC17C27B2600C073A6 /* lundump.h */ = {isa = PBXFileReference; fileEncoding = 4; lastKnownFileType = sourcecode.c.h; name = lundump.h; path = "libs/lua-5.2.2/src/lundump.h"; sourceTree = "<group>"; };
		C34B5CDD17C27B2600C073A6 /* lvm.h */ = {isa = PBXFileReference; fileEncoding = 4; lastKnownFileType = sourcecode.c.h; name = lvm.h; path = "libs/lua-5.2.2/src/lvm.h"; sourceTree = "<group>"; };
		C34B5CDE17C27B2600C073A6 /* lzio.h */ = {isa = PBXFileReference; fileEncoding = 4; lastKnownFileType = sourcecode.c.h; name = lzio.h; path = "libs/lua-5.2.2/src/lzio.h"; sourceTree = "<group>"; };
		C34B5CDF17C27B2600C073A6 /* lua.hpp */ = {isa = PBXFileReference; fileEncoding = 4; lastKnownFileType = sourcecode.cpp.h; name = lua.hpp; path = "libs/lua-5.2.2/src/lua.hpp"; sourceTree = "<group>"; };
		C34B5CE117C27C6E00C073A6 /* liblua.a */ = {isa = PBXFileReference; lastKnownFileType = archive.ar; name = liblua.a; path = "libs/lua-5.2.2/src/liblua.a"; sourceTree = "<group>"; };
		C34B5CE317C27D5A00C073A6 /* luascript.lua */ = {isa = PBXFileReference; fileEncoding = 4; lastKnownFileType = text; path = luascript.lua; sourceTree = "<group>"; };
		C3EAF9F117CA153100A508F8 /* DWApplication.cpp */ = {isa = PBXFileReference; fileEncoding = 4; lastKnownFileType = sourcecode.cpp.cpp; path = DWApplication.cpp; sourceTree = "<group>"; };
		C3EAF9F217CA153100A508F8 /* DWApplication.h */ = {isa = PBXFileReference; fileEncoding = 4; lastKnownFileType = sourcecode.c.h; path = DWApplication.h; sourceTree = "<group>"; };
		C3EAF9F517CA761200A508F8 /* DWMediator.cpp */ = {isa = PBXFileReference; fileEncoding = 4; lastKnownFileType = sourcecode.cpp.cpp; path = DWMediator.cpp; sourceTree = "<group>"; };
		C3EAF9F617CA761200A508F8 /* DWMediator.h */ = {isa = PBXFileReference; fileEncoding = 4; lastKnownFileType = sourcecode.c.h; path = DWMediator.h; sourceTree = "<group>"; };
		C3EAF9F917CA8EE000A508F8 /* app.lua */ = {isa = PBXFileReference; fileEncoding = 4; lastKnownFileType = text; path = app.lua; sourceTree = "<group>"; };
		C3EAF9FA17CA8EE000A508F8 /* array2d.lua */ = {isa = PBXFileReference; fileEncoding = 4; lastKnownFileType = text; path = array2d.lua; sourceTree = "<group>"; };
		C3EAF9FB17CA8EE000A508F8 /* class.lua */ = {isa = PBXFileReference; fileEncoding = 4; lastKnownFileType = text; path = class.lua; sourceTree = "<group>"; };
		C3EAF9FC17CA8EE000A508F8 /* compat.lua */ = {isa = PBXFileReference; fileEncoding = 4; lastKnownFileType = text; path = compat.lua; sourceTree = "<group>"; };
		C3EAF9FD17CA8EE000A508F8 /* comprehension.lua */ = {isa = PBXFileReference; fileEncoding = 4; lastKnownFileType = text; path = comprehension.lua; sourceTree = "<group>"; };
		C3EAF9FE17CA8EE000A508F8 /* config.lua */ = {isa = PBXFileReference; fileEncoding = 4; lastKnownFileType = text; path = config.lua; sourceTree = "<group>"; };
		C3EAF9FF17CA8EE000A508F8 /* data.lua */ = {isa = PBXFileReference; fileEncoding = 4; lastKnownFileType = text; path = data.lua; sourceTree = "<group>"; };
		C3EAFA0017CA8EE000A508F8 /* Date.lua */ = {isa = PBXFileReference; fileEncoding = 4; lastKnownFileType = text; path = Date.lua; sourceTree = "<group>"; };
		C3EAFA0117CA8EE000A508F8 /* dir.lua */ = {isa = PBXFileReference; fileEncoding = 4; lastKnownFileType = text; path = dir.lua; sourceTree = "<group>"; };
		C3EAFA0217CA8EE000A508F8 /* file.lua */ = {isa = PBXFileReference; fileEncoding = 4; lastKnownFileType = text; path = file.lua; sourceTree = "<group>"; };
		C3EAFA0317CA8EE000A508F8 /* func.lua */ = {isa = PBXFileReference; fileEncoding = 4; lastKnownFileType = text; path = func.lua; sourceTree = "<group>"; };
		C3EAFA0417CA8EE000A508F8 /* import_into.lua */ = {isa = PBXFileReference; fileEncoding = 4; lastKnownFileType = text; path = import_into.lua; sourceTree = "<group>"; };
		C3EAFA0517CA8EE000A508F8 /* init.lua */ = {isa = PBXFileReference; fileEncoding = 4; lastKnownFileType = text; path = init.lua; sourceTree = "<group>"; };
		C3EAFA0617CA8EE000A508F8 /* input.lua */ = {isa = PBXFileReference; fileEncoding = 4; lastKnownFileType = text; path = input.lua; sourceTree = "<group>"; };
		C3EAFA0717CA8EE000A508F8 /* lapp.lua */ = {isa = PBXFileReference; fileEncoding = 4; lastKnownFileType = text; path = lapp.lua; sourceTree = "<group>"; };
		C3EAFA0817CA8EE000A508F8 /* lexer.lua */ = {isa = PBXFileReference; fileEncoding = 4; lastKnownFileType = text; path = lexer.lua; sourceTree = "<group>"; };
		C3EAFA0917CA8EE000A508F8 /* List.lua */ = {isa = PBXFileReference; fileEncoding = 4; lastKnownFileType = text; path = List.lua; sourceTree = "<group>"; };
		C3EAFA0A17CA8EE000A508F8 /* luabalanced.lua */ = {isa = PBXFileReference; fileEncoding = 4; lastKnownFileType = text; path = luabalanced.lua; sourceTree = "<group>"; };
		C3EAFA0B17CA8EE000A508F8 /* Map.lua */ = {isa = PBXFileReference; fileEncoding = 4; lastKnownFileType = text; path = Map.lua; sourceTree = "<group>"; };
		C3EAFA0C17CA8EE000A508F8 /* MultiMap.lua */ = {isa = PBXFileReference; fileEncoding = 4; lastKnownFileType = text; path = MultiMap.lua; sourceTree = "<group>"; };
		C3EAFA0D17CA8EE000A508F8 /* operator.lua */ = {isa = PBXFileReference; fileEncoding = 4; lastKnownFileType = text; path = operator.lua; sourceTree = "<group>"; };
		C3EAFA0E17CA8EE000A508F8 /* OrderedMap.lua */ = {isa = PBXFileReference; fileEncoding = 4; lastKnownFileType = text; path = OrderedMap.lua; sourceTree = "<group>"; };
		C3EAFA0F17CA8EE000A508F8 /* path.lua */ = {isa = PBXFileReference; fileEncoding = 4; lastKnownFileType = text; path = path.lua; sourceTree = "<group>"; };
		C3EAFA1017CA8EE000A508F8 /* permute.lua */ = {isa = PBXFileReference; fileEncoding = 4; lastKnownFileType = text; path = permute.lua; sourceTree = "<group>"; };
		C3EAFA1117CA8EE000A508F8 /* pretty.lua */ = {isa = PBXFileReference; fileEncoding = 4; lastKnownFileType = text; path = pretty.lua; sourceTree = "<group>"; };
		C3EAFA1217CA8EE000A508F8 /* seq.lua */ = {isa = PBXFileReference; fileEncoding = 4; lastKnownFileType = text; path = seq.lua; sourceTree = "<group>"; };
		C3EAFA1317CA8EE000A508F8 /* Set.lua */ = {isa = PBXFileReference; fileEncoding = 4; lastKnownFileType = text; path = Set.lua; sourceTree = "<group>"; };
		C3EAFA1417CA8EE000A508F8 /* sip.lua */ = {isa = PBXFileReference; fileEncoding = 4; lastKnownFileType = text; path = sip.lua; sourceTree = "<group>"; };
		C3EAFA1517CA8EE000A508F8 /* strict.lua */ = {isa = PBXFileReference; fileEncoding = 4; lastKnownFileType = text; path = strict.lua; sourceTree = "<group>"; };
		C3EAFA1617CA8EE000A508F8 /* stringio.lua */ = {isa = PBXFileReference; fileEncoding = 4; lastKnownFileType = text; path = stringio.lua; sourceTree = "<group>"; };
		C3EAFA1717CA8EE000A508F8 /* stringx.lua */ = {isa = PBXFileReference; fileEncoding = 4; lastKnownFileType = text; path = stringx.lua; sourceTree = "<group>"; };
		C3EAFA1817CA8EE000A508F8 /* tablex.lua */ = {isa = PBXFileReference; fileEncoding = 4; lastKnownFileType = text; path = tablex.lua; sourceTree = "<group>"; };
		C3EAFA1917CA8EE000A508F8 /* template.lua */ = {isa = PBXFileReference; fileEncoding = 4; lastKnownFileType = text; path = template.lua; sourceTree = "<group>"; };
		C3EAFA1A17CA8EE000A508F8 /* test.lua */ = {isa = PBXFileReference; fileEncoding = 4; lastKnownFileType = text; path = test.lua; sourceTree = "<group>"; };
		C3EAFA1B17CA8EE000A508F8 /* text.lua */ = {isa = PBXFileReference; fileEncoding = 4; lastKnownFileType = text; path = text.lua; sourceTree = "<group>"; };
		C3EAFA1C17CA8EE000A508F8 /* utils.lua */ = {isa = PBXFileReference; fileEncoding = 4; lastKnownFileType = text; path = utils.lua; sourceTree = "<group>"; };
		C3EAFA1D17CA8EE000A508F8 /* xml.lua */ = {isa = PBXFileReference; fileEncoding = 4; lastKnownFileType = text; path = xml.lua; sourceTree = "<group>"; };
		FD2476D337B81B118CDB7EBD /* DWController.h */ = {isa = PBXFileReference; fileEncoding = 4; lastKnownFileType = sourcecode.c.h; path = DWController.h; sourceTree = "<group>"; };
		FD247ACE4E2218207B9160F8 /* DWController.cpp */ = {isa = PBXFileReference; fileEncoding = 4; lastKnownFileType = sourcecode.cpp.cpp; path = DWController.cpp; sourceTree = "<group>"; };
/* End PBXFileReference section */

/* Begin PBXFrameworksBuildPhase section */
		C34B5BAF17C2707400C073A6 /* Frameworks */ = {
			isa = PBXFrameworksBuildPhase;
			buildActionMask = 2147483647;
			files = (
				C34B5CE217C27C6E00C073A6 /* liblua.a in Frameworks */,
			);
			runOnlyForDeploymentPostprocessing = 0;
		};
/* End PBXFrameworksBuildPhase section */

/* Begin PBXGroup section */
		C34B5BA917C2707400C073A6 = {
			isa = PBXGroup;
			children = (
				C34B5CE117C27C6E00C073A6 /* liblua.a */,
				C34B5CE017C27B3100C073A6 /* lua */,
				C34B5BB417C2707400C073A6 /* LuaMeadow */,
				C34B5BB317C2707400C073A6 /* Products */,
			);
			sourceTree = "<group>";
		};
		C34B5BB317C2707400C073A6 /* Products */ = {
			isa = PBXGroup;
			children = (
				C34B5BB217C2707400C073A6 /* LuaMeadow */,
			);
			name = Products;
			sourceTree = "<group>";
		};
		C34B5BB417C2707400C073A6 /* LuaMeadow */ = {
			isa = PBXGroup;
			children = (
				C3EAF9F817CA8EE000A508F8 /* pl */,
				C3EAF9F417CA75EB00A508F8 /* export */,
				C34B5CE317C27D5A00C073A6 /* luascript.lua */,
				C34B5BB517C2707400C073A6 /* main.cpp */,
				C34B5BB717C2707400C073A6 /* LuaMeadow.1 */,
				C3EAF9F117CA153100A508F8 /* DWApplication.cpp */,
				C3EAF9F217CA153100A508F8 /* DWApplication.h */,
			);
			path = LuaMeadow;
			sourceTree = "<group>";
		};
		C34B5CE017C27B3100C073A6 /* lua */ = {
			isa = PBXGroup;
			children = (
				C34B5CC717C27B2600C073A6 /* lapi.h */,
				C34B5CC817C27B2600C073A6 /* lauxlib.h */,
				C34B5CC917C27B2600C073A6 /* lcode.h */,
				C34B5CCA17C27B2600C073A6 /* lctype.h */,
				C34B5CCB17C27B2600C073A6 /* ldebug.h */,
				C34B5CCC17C27B2600C073A6 /* ldo.h */,
				C34B5CCD17C27B2600C073A6 /* lfunc.h */,
				C34B5CCE17C27B2600C073A6 /* lgc.h */,
				C34B5CCF17C27B2600C073A6 /* llex.h */,
				C34B5CD017C27B2600C073A6 /* llimits.h */,
				C34B5CD117C27B2600C073A6 /* lmem.h */,
				C34B5CD217C27B2600C073A6 /* lobject.h */,
				C34B5CD317C27B2600C073A6 /* lopcodes.h */,
				C34B5CD417C27B2600C073A6 /* lparser.h */,
				C34B5CD517C27B2600C073A6 /* lstate.h */,
				C34B5CD617C27B2600C073A6 /* lstring.h */,
				C34B5CD717C27B2600C073A6 /* ltable.h */,
				C34B5CD817C27B2600C073A6 /* ltm.h */,
				C34B5CD917C27B2600C073A6 /* lua.h */,
				C34B5CDA17C27B2600C073A6 /* luaconf.h */,
				C34B5CDB17C27B2600C073A6 /* lualib.h */,
				C34B5CDC17C27B2600C073A6 /* lundump.h */,
				C34B5CDD17C27B2600C073A6 /* lvm.h */,
				C34B5CDE17C27B2600C073A6 /* lzio.h */,
				C34B5CDF17C27B2600C073A6 /* lua.hpp */,
			);
			name = lua;
			sourceTree = "<group>";
		};
		C3EAF9F417CA75EB00A508F8 /* export */ = {
			isa = PBXGroup;
			children = (
				C3EAF9F517CA761200A508F8 /* DWMediator.cpp */,
				C3EAF9F617CA761200A508F8 /* DWMediator.h */,
				FD247ACE4E2218207B9160F8 /* DWController.cpp */,
				FD2476D337B81B118CDB7EBD /* DWController.h */,
			);
			name = export;
			sourceTree = "<group>";
		};
		C3EAF9F817CA8EE000A508F8 /* pl */ = {
			isa = PBXGroup;
			children = (
				C3EAF9F917CA8EE000A508F8 /* app.lua */,
				C3EAF9FA17CA8EE000A508F8 /* array2d.lua */,
				C3EAF9FB17CA8EE000A508F8 /* class.lua */,
				C3EAF9FC17CA8EE000A508F8 /* compat.lua */,
				C3EAF9FD17CA8EE000A508F8 /* comprehension.lua */,
				C3EAF9FE17CA8EE000A508F8 /* config.lua */,
				C3EAF9FF17CA8EE000A508F8 /* data.lua */,
				C3EAFA0017CA8EE000A508F8 /* Date.lua */,
				C3EAFA0117CA8EE000A508F8 /* dir.lua */,
				C3EAFA0217CA8EE000A508F8 /* file.lua */,
				C3EAFA0317CA8EE000A508F8 /* func.lua */,
				C3EAFA0417CA8EE000A508F8 /* import_into.lua */,
				C3EAFA0517CA8EE000A508F8 /* init.lua */,
				C3EAFA0617CA8EE000A508F8 /* input.lua */,
				C3EAFA0717CA8EE000A508F8 /* lapp.lua */,
				C3EAFA0817CA8EE000A508F8 /* lexer.lua */,
				C3EAFA0917CA8EE000A508F8 /* List.lua */,
				C3EAFA0A17CA8EE000A508F8 /* luabalanced.lua */,
				C3EAFA0B17CA8EE000A508F8 /* Map.lua */,
				C3EAFA0C17CA8EE000A508F8 /* MultiMap.lua */,
				C3EAFA0D17CA8EE000A508F8 /* operator.lua */,
				C3EAFA0E17CA8EE000A508F8 /* OrderedMap.lua */,
				C3EAFA0F17CA8EE000A508F8 /* path.lua */,
				C3EAFA1017CA8EE000A508F8 /* permute.lua */,
				C3EAFA1117CA8EE000A508F8 /* pretty.lua */,
				C3EAFA1217CA8EE000A508F8 /* seq.lua */,
				C3EAFA1317CA8EE000A508F8 /* Set.lua */,
				C3EAFA1417CA8EE000A508F8 /* sip.lua */,
				C3EAFA1517CA8EE000A508F8 /* strict.lua */,
				C3EAFA1617CA8EE000A508F8 /* stringio.lua */,
				C3EAFA1717CA8EE000A508F8 /* stringx.lua */,
				C3EAFA1817CA8EE000A508F8 /* tablex.lua */,
				C3EAFA1917CA8EE000A508F8 /* template.lua */,
				C3EAFA1A17CA8EE000A508F8 /* test.lua */,
				C3EAFA1B17CA8EE000A508F8 /* text.lua */,
				C3EAFA1C17CA8EE000A508F8 /* utils.lua */,
				C3EAFA1D17CA8EE000A508F8 /* xml.lua */,
			);
			path = pl;
			sourceTree = "<group>";
		};
/* End PBXGroup section */

/* Begin PBXNativeTarget section */
		C34B5BB117C2707400C073A6 /* LuaMeadow */ = {
			isa = PBXNativeTarget;
			buildConfigurationList = C34B5BBB17C2707400C073A6 /* Build configuration list for PBXNativeTarget "LuaMeadow" */;
			buildPhases = (
				C34B5BAE17C2707400C073A6 /* Sources */,
				C34B5BAF17C2707400C073A6 /* Frameworks */,
				C34B5BB017C2707400C073A6 /* CopyFiles */,
				C3EAFA6917CA8FB300A508F8 /* CopyFiles */,
			);
			buildRules = (
			);
			dependencies = (
			);
			name = LuaMeadow;
			productName = LuaMeadow;
			productReference = C34B5BB217C2707400C073A6 /* LuaMeadow */;
			productType = "com.apple.product-type.tool";
		};
/* End PBXNativeTarget section */

/* Begin PBXProject section */
		C34B5BAA17C2707400C073A6 /* Project object */ = {
			isa = PBXProject;
			attributes = {
				LastUpgradeCheck = 0460;
				ORGANIZATIONNAME = Larusso;
			};
			buildConfigurationList = C34B5BAD17C2707400C073A6 /* Build configuration list for PBXProject "LuaMeadow" */;
			compatibilityVersion = "Xcode 3.2";
			developmentRegion = English;
			hasScannedForEncodings = 0;
			knownRegions = (
				en,
			);
			mainGroup = C34B5BA917C2707400C073A6;
			productRefGroup = C34B5BB317C2707400C073A6 /* Products */;
			projectDirPath = "";
			projectRoot = "";
			targets = (
				C34B5BB117C2707400C073A6 /* LuaMeadow */,
			);
		};
/* End PBXProject section */

/* Begin PBXSourcesBuildPhase section */
		C34B5BAE17C2707400C073A6 /* Sources */ = {
			isa = PBXSourcesBuildPhase;
			buildActionMask = 2147483647;
			files = (
				C34B5BB617C2707400C073A6 /* main.cpp in Sources */,
				C3EAF9F317CA153100A508F8 /* DWApplication.cpp in Sources */,
				C3EAF9F717CA761200A508F8 /* DWMediator.cpp in Sources */,
				FD2470FAE9B6E2173C1DC7F0 /* DWController.cpp in Sources */,
			);
			runOnlyForDeploymentPostprocessing = 0;
		};
/* End PBXSourcesBuildPhase section */

/* Begin XCBuildConfiguration section */
		C34B5BB917C2707400C073A6 /* Debug */ = {
			isa = XCBuildConfiguration;
			buildSettings = {
				ALWAYS_SEARCH_USER_PATHS = NO;
				ARCHS = "$(ARCHS_STANDARD_64_BIT)";
				CLANG_CXX_LANGUAGE_STANDARD = "gnu++0x";
				CLANG_CXX_LIBRARY = "libc++";
				CLANG_ENABLE_OBJC_ARC = YES;
				CLANG_WARN_CONSTANT_CONVERSION = YES;
				CLANG_WARN_EMPTY_BODY = YES;
				CLANG_WARN_ENUM_CONVERSION = YES;
				CLANG_WARN_INT_CONVERSION = YES;
				CLANG_WARN__DUPLICATE_METHOD_MATCH = YES;
				COPY_PHASE_STRIP = NO;
				GCC_C_LANGUAGE_STANDARD = gnu99;
				GCC_DYNAMIC_NO_PIC = NO;
				GCC_ENABLE_OBJC_EXCEPTIONS = YES;
				GCC_OPTIMIZATION_LEVEL = 0;
				GCC_PREPROCESSOR_DEFINITIONS = (
					"DEBUG=1",
					"$(inherited)",
				);
				GCC_SYMBOLS_PRIVATE_EXTERN = NO;
				GCC_WARN_64_TO_32_BIT_CONVERSION = YES;
				GCC_WARN_ABOUT_RETURN_TYPE = YES;
				GCC_WARN_UNINITIALIZED_AUTOS = YES;
				GCC_WARN_UNUSED_VARIABLE = YES;
				MACOSX_DEPLOYMENT_TARGET = 10.8;
				ONLY_ACTIVE_ARCH = YES;
				SDKROOT = macosx;
			};
			name = Debug;
		};
		C34B5BBA17C2707400C073A6 /* Release */ = {
			isa = XCBuildConfiguration;
			buildSettings = {
				ALWAYS_SEARCH_USER_PATHS = NO;
				ARCHS = "$(ARCHS_STANDARD_64_BIT)";
				CLANG_CXX_LANGUAGE_STANDARD = "gnu++0x";
				CLANG_CXX_LIBRARY = "libc++";
				CLANG_ENABLE_OBJC_ARC = YES;
				CLANG_WARN_CONSTANT_CONVERSION = YES;
				CLANG_WARN_EMPTY_BODY = YES;
				CLANG_WARN_ENUM_CONVERSION = YES;
				CLANG_WARN_INT_CONVERSION = YES;
				CLANG_WARN__DUPLICATE_METHOD_MATCH = YES;
				COPY_PHASE_STRIP = YES;
				DEBUG_INFORMATION_FORMAT = "dwarf-with-dsym";
				GCC_C_LANGUAGE_STANDARD = gnu99;
				GCC_ENABLE_OBJC_EXCEPTIONS = YES;
				GCC_WARN_64_TO_32_BIT_CONVERSION = YES;
				GCC_WARN_ABOUT_RETURN_TYPE = YES;
				GCC_WARN_UNINITIALIZED_AUTOS = YES;
				GCC_WARN_UNUSED_VARIABLE = YES;
				MACOSX_DEPLOYMENT_TARGET = 10.8;
				SDKROOT = macosx;
			};
			name = Release;
		};
		C34B5BBC17C2707400C073A6 /* Debug */ = {
			isa = XCBuildConfiguration;
			buildSettings = {
				"HEADER_SEARCH_PATHS[arch=*]" = "\"$(SRCROOT)/libs/lua-5.2.2/src\"";
				LIBRARY_SEARCH_PATHS = (
					"$(inherited)",
					"\"$(SRCROOT)/libs/lua-5.2.2/src\"",
				);
				PRODUCT_NAME = "$(TARGET_NAME)";
			};
			name = Debug;
		};
		C34B5BBD17C2707400C073A6 /* Release */ = {
			isa = XCBuildConfiguration;
			buildSettings = {
				LIBRARY_SEARCH_PATHS = (
					"$(inherited)",
					"\"$(SRCROOT)/libs/lua-5.2.2/src\"",
				);
				PRODUCT_NAME = "$(TARGET_NAME)";
			};
			name = Release;
		};
/* End XCBuildConfiguration section */

/* Begin XCConfigurationList section */
		C34B5BAD17C2707400C073A6 /* Build configuration list for PBXProject "LuaMeadow" */ = {
			isa = XCConfigurationList;
			buildConfigurations = (
				C34B5BB917C2707400C073A6 /* Debug */,
				C34B5BBA17C2707400C073A6 /* Release */,
			);
			defaultConfigurationIsVisible = 0;
			defaultConfigurationName = Release;
		};
		C34B5BBB17C2707400C073A6 /* Build configuration list for PBXNativeTarget "LuaMeadow" */ = {
			isa = XCConfigurationList;
			buildConfigurations = (
				C34B5BBC17C2707400C073A6 /* Debug */,
				C34B5BBD17C2707400C073A6 /* Release */,
			);
			defaultConfigurationIsVisible = 0;
			defaultConfigurationName = Release;
		};
/* End XCConfigurationList section */
	};
	rootObject = C34B5BAA17C2707400C073A6 /* Project object */;
}
