// !$*UTF8*$!
{
	archiveVersion = 1;
	classes = {
	};
	objectVersion = 46;
	objects = {

/* Begin PBXBuildFile section */
		C3111DC817CE72F800B7B2EE /* DWMediator.mm in Sources */ = {isa = PBXBuildFile; fileRef = C3B0995217CE149A00204B3C /* DWMediator.mm */; };
		C3111DC917CE72F800B7B2EE /* DWAppDelegate.m in Sources */ = {isa = PBXBuildFile; fileRef = C3B0994317CE128500204B3C /* DWAppDelegate.m */; };
		C3111DCB17CE73A000B7B2EE /* UIKit.framework in Frameworks */ = {isa = PBXBuildFile; fileRef = C3111DCA17CE73A000B7B2EE /* UIKit.framework */; };
		C3111DCD17CE73A800B7B2EE /* Foundation.framework in Frameworks */ = {isa = PBXBuildFile; fileRef = C3111DCC17CE73A800B7B2EE /* Foundation.framework */; };
		C3111DCF17CE73B300B7B2EE /* CoreGraphics.framework in Frameworks */ = {isa = PBXBuildFile; fileRef = C3111DCE17CE73B300B7B2EE /* CoreGraphics.framework */; };
		C3111DD117CE73C300B7B2EE /* libPods.a in Frameworks */ = {isa = PBXBuildFile; fileRef = C3111DD017CE73C300B7B2EE /* libPods.a */; };
		C343972517D0D7970015B087 /* LuaMeadow_iPhone.xib in Resources */ = {isa = PBXBuildFile; fileRef = C343972417D0D7970015B087 /* LuaMeadow_iPhone.xib */; };
		C343972817D0FABE0015B087 /* DWController.mm in Sources */ = {isa = PBXBuildFile; fileRef = C343972717D0FABE0015B087 /* DWController.mm */; };
		C345AE5917D132ED0043060E /* lua in Resources */ = {isa = PBXBuildFile; fileRef = C345AE5817D132ED0043060E /* lua */; };
		C37E3C3F17CE5E2900DCCA9B /* dire-objc.cpp in Sources */ = {isa = PBXBuildFile; fileRef = C3B0995B17CE1F7E00204B3C /* dire-objc.cpp */; };
		C3B0993E17CE128500204B3C /* InfoPlist.strings in Resources */ = {isa = PBXBuildFile; fileRef = C3B0993C17CE128500204B3C /* InfoPlist.strings */; };
		C3B0994017CE128500204B3C /* main.m in Sources */ = {isa = PBXBuildFile; fileRef = C3B0993F17CE128500204B3C /* main.m */; };
		C3B0994617CE128500204B3C /* Default.png in Resources */ = {isa = PBXBuildFile; fileRef = C3B0994517CE128500204B3C /* Default.png */; };
		C3B0994817CE128500204B3C /* Default@2x.png in Resources */ = {isa = PBXBuildFile; fileRef = C3B0994717CE128500204B3C /* Default@2x.png */; };
		C3B0994A17CE128500204B3C /* Default-568h@2x.png in Resources */ = {isa = PBXBuildFile; fileRef = C3B0994917CE128500204B3C /* Default-568h@2x.png */; };
		C3D7671D17D0BEDA00897CA4 /* DWViewController.m in Sources */ = {isa = PBXBuildFile; fileRef = C3D7671C17D0BEDA00897CA4 /* DWViewController.m */; };
/* End PBXBuildFile section */

/* Begin PBXContainerItemProxy section */
		C3FAF3CF17D08DD2004B7B5E /* PBXContainerItemProxy */ = {
			isa = PBXContainerItemProxy;
			containerPortal = C34B5BAA17C2707400C073A6 /* Project object */;
			proxyType = 1;
			remoteGlobalIDString = C3B0995517CE1EAB00204B3C;
			remoteInfo = "SWIG OBJ-C Generator";
		};
/* End PBXContainerItemProxy section */

/* Begin PBXCopyFilesBuildPhase section */
		C3111DD717CE77E200B7B2EE /* CopyFiles */ = {
			isa = PBXCopyFilesBuildPhase;
			buildActionMask = 2147483647;
			dstPath = lua/pl;
			dstSubfolderSpec = 7;
			files = (
			);
			runOnlyForDeploymentPostprocessing = 0;
		};
		C3111DFD17CF2CA300B7B2EE /* CopyFiles */ = {
			isa = PBXCopyFilesBuildPhase;
			buildActionMask = 2147483647;
			dstPath = lua;
			dstSubfolderSpec = 7;
			files = (
			);
			runOnlyForDeploymentPostprocessing = 0;
		};
/* End PBXCopyFilesBuildPhase section */

/* Begin PBXFileReference section */
		136D7212E5EB4FB4A6A2E912 /* Pods.xcconfig */ = {isa = PBXFileReference; includeInIndex = 1; lastKnownFileType = text.xcconfig; name = Pods.xcconfig; path = Pods/Pods.xcconfig; sourceTree = SOURCE_ROOT; };
		1E4DED1F96FE435BAAFFB289 /* libPods.a */ = {isa = PBXFileReference; explicitFileType = archive.ar; includeInIndex = 0; path = libPods.a; sourceTree = BUILT_PRODUCTS_DIR; };
		C3111DCA17CE73A000B7B2EE /* UIKit.framework */ = {isa = PBXFileReference; lastKnownFileType = wrapper.framework; name = UIKit.framework; path = Platforms/iPhoneOS.platform/Developer/SDKs/iPhoneOS6.1.sdk/System/Library/Frameworks/UIKit.framework; sourceTree = DEVELOPER_DIR; };
		C3111DCC17CE73A800B7B2EE /* Foundation.framework */ = {isa = PBXFileReference; lastKnownFileType = wrapper.framework; name = Foundation.framework; path = Platforms/iPhoneOS.platform/Developer/SDKs/iPhoneOS6.1.sdk/System/Library/Frameworks/Foundation.framework; sourceTree = DEVELOPER_DIR; };
		C3111DCE17CE73B300B7B2EE /* CoreGraphics.framework */ = {isa = PBXFileReference; lastKnownFileType = wrapper.framework; name = CoreGraphics.framework; path = Platforms/iPhoneOS.platform/Developer/SDKs/iPhoneOS6.1.sdk/System/Library/Frameworks/CoreGraphics.framework; sourceTree = DEVELOPER_DIR; };
		C3111DD017CE73C300B7B2EE /* libPods.a */ = {isa = PBXFileReference; lastKnownFileType = archive.ar; name = libPods.a; path = "Pods/build/Release-iphoneos/libPods.a"; sourceTree = "<group>"; };
		C343972417D0D7970015B087 /* LuaMeadow_iPhone.xib */ = {isa = PBXFileReference; fileEncoding = 4; lastKnownFileType = file.xib; path = LuaMeadow_iPhone.xib; sourceTree = "<group>"; };
		C343972617D0FABE0015B087 /* DWController.h */ = {isa = PBXFileReference; fileEncoding = 4; lastKnownFileType = sourcecode.c.h; path = DWController.h; sourceTree = "<group>"; };
		C343972717D0FABE0015B087 /* DWController.mm */ = {isa = PBXFileReference; fileEncoding = 4; lastKnownFileType = sourcecode.cpp.objcpp; path = DWController.mm; sourceTree = "<group>"; };
		C343972917D0FB850015B087 /* DWController.hpp */ = {isa = PBXFileReference; lastKnownFileType = sourcecode.cpp.h; path = DWController.hpp; sourceTree = "<group>"; };
		C343972A17D100430015B087 /* luaCallback.h */ = {isa = PBXFileReference; lastKnownFileType = sourcecode.c.h; path = luaCallback.h; sourceTree = "<group>"; };
		C345AE5817D132ED0043060E /* lua */ = {isa = PBXFileReference; lastKnownFileType = folder; path = lua; sourceTree = "<group>"; };
		C3B0993117CE128400204B3C /* LuaMeadowiOS.app */ = {isa = PBXFileReference; explicitFileType = wrapper.application; includeInIndex = 0; path = LuaMeadowiOS.app; sourceTree = BUILT_PRODUCTS_DIR; };
		C3B0993B17CE128500204B3C /* LuaMeadowiOS-Info.plist */ = {isa = PBXFileReference; lastKnownFileType = text.plist.xml; path = "LuaMeadowiOS-Info.plist"; sourceTree = "<group>"; };
		C3B0993D17CE128500204B3C /* en */ = {isa = PBXFileReference; lastKnownFileType = text.plist.strings; name = en; path = en.lproj/InfoPlist.strings; sourceTree = "<group>"; };
		C3B0993F17CE128500204B3C /* main.m */ = {isa = PBXFileReference; lastKnownFileType = sourcecode.c.objc; path = main.m; sourceTree = "<group>"; };
		C3B0994117CE128500204B3C /* LuaMeadowiOS-Prefix.pch */ = {isa = PBXFileReference; lastKnownFileType = sourcecode.c.h; path = "LuaMeadowiOS-Prefix.pch"; sourceTree = "<group>"; };
		C3B0994217CE128500204B3C /* DWAppDelegate.h */ = {isa = PBXFileReference; lastKnownFileType = sourcecode.c.h; path = DWAppDelegate.h; sourceTree = "<group>"; };
		C3B0994317CE128500204B3C /* DWAppDelegate.m */ = {isa = PBXFileReference; lastKnownFileType = sourcecode.c.objc; path = DWAppDelegate.m; sourceTree = "<group>"; };
		C3B0994517CE128500204B3C /* Default.png */ = {isa = PBXFileReference; lastKnownFileType = image.png; path = Default.png; sourceTree = "<group>"; };
		C3B0994717CE128500204B3C /* Default@2x.png */ = {isa = PBXFileReference; lastKnownFileType = image.png; path = "Default@2x.png"; sourceTree = "<group>"; };
		C3B0994917CE128500204B3C /* Default-568h@2x.png */ = {isa = PBXFileReference; lastKnownFileType = image.png; path = "Default-568h@2x.png"; sourceTree = "<group>"; };
		C3B0995117CE149A00204B3C /* DWMediator.h */ = {isa = PBXFileReference; fileEncoding = 4; lastKnownFileType = sourcecode.c.h; path = DWMediator.h; sourceTree = "<group>"; };
		C3B0995217CE149A00204B3C /* DWMediator.mm */ = {isa = PBXFileReference; fileEncoding = 4; lastKnownFileType = sourcecode.cpp.objcpp; path = DWMediator.mm; sourceTree = "<group>"; };
		C3B0995417CE184500204B3C /* DWMediator.hpp */ = {isa = PBXFileReference; fileEncoding = 4; lastKnownFileType = sourcecode.cpp.h; path = DWMediator.hpp; sourceTree = "<group>"; };
		C3B0995917CE1EDD00204B3C /* dire-objc.i */ = {isa = PBXFileReference; fileEncoding = 4; lastKnownFileType = sourcecode.c.c.preprocessed; path = "dire-objc.i"; sourceTree = "<group>"; };
		C3B0995B17CE1F7E00204B3C /* dire-objc.cpp */ = {isa = PBXFileReference; fileEncoding = 4; lastKnownFileType = sourcecode.cpp.cpp; path = "dire-objc.cpp"; sourceTree = "<group>"; };
		C3D7671B17D0BEDA00897CA4 /* DWViewController.h */ = {isa = PBXFileReference; fileEncoding = 4; lastKnownFileType = sourcecode.c.h; path = DWViewController.h; sourceTree = "<group>"; };
		C3D7671C17D0BEDA00897CA4 /* DWViewController.m */ = {isa = PBXFileReference; fileEncoding = 4; lastKnownFileType = sourcecode.c.objc; path = DWViewController.m; sourceTree = "<group>"; };
/* End PBXFileReference section */

/* Begin PBXFrameworksBuildPhase section */
		C3B0992E17CE128400204B3C /* Frameworks */ = {
			isa = PBXFrameworksBuildPhase;
			buildActionMask = 2147483647;
			files = (
				C3111DCF17CE73B300B7B2EE /* CoreGraphics.framework in Frameworks */,
				C3111DCD17CE73A800B7B2EE /* Foundation.framework in Frameworks */,
				C3111DCB17CE73A000B7B2EE /* UIKit.framework in Frameworks */,
				C3111DD117CE73C300B7B2EE /* libPods.a in Frameworks */,
			);
			runOnlyForDeploymentPostprocessing = 0;
		};
/* End PBXFrameworksBuildPhase section */

/* Begin PBXGroup section */
		C34B5BA917C2707400C073A6 = {
			isa = PBXGroup;
			children = (
				C345AE5817D132ED0043060E /* lua */,
				C3B0993917CE128500204B3C /* LuaMeadowiOS */,
				C3B0993217CE128500204B3C /* Frameworks */,
				C34B5BB317C2707400C073A6 /* Products */,
				136D7212E5EB4FB4A6A2E912 /* Pods.xcconfig */,
			);
			sourceTree = "<group>";
		};
		C34B5BB317C2707400C073A6 /* Products */ = {
			isa = PBXGroup;
			children = (
				C3B0993117CE128400204B3C /* LuaMeadowiOS.app */,
			);
			name = Products;
			sourceTree = "<group>";
		};
		C3B0993217CE128500204B3C /* Frameworks */ = {
			isa = PBXGroup;
			children = (
				C3111DD017CE73C300B7B2EE /* libPods.a */,
				C3111DCE17CE73B300B7B2EE /* CoreGraphics.framework */,
				C3111DCC17CE73A800B7B2EE /* Foundation.framework */,
				C3111DCA17CE73A000B7B2EE /* UIKit.framework */,
				1E4DED1F96FE435BAAFFB289 /* libPods.a */,
			);
			name = Frameworks;
			sourceTree = "<group>";
		};
		C3B0993917CE128500204B3C /* LuaMeadowiOS */ = {
			isa = PBXGroup;
			children = (
				C3D7671B17D0BEDA00897CA4 /* DWViewController.h */,
				C3D7671C17D0BEDA00897CA4 /* DWViewController.m */,
				C3B0995017CE146A00204B3C /* export */,
				C3B0994217CE128500204B3C /* DWAppDelegate.h */,
				C3B0994317CE128500204B3C /* DWAppDelegate.m */,
				C3B0993A17CE128500204B3C /* Supporting Files */,
				C3B0995917CE1EDD00204B3C /* dire-objc.i */,
				C343972A17D100430015B087 /* luaCallback.h */,
			);
			path = LuaMeadowiOS;
			sourceTree = "<group>";
		};
		C3B0993A17CE128500204B3C /* Supporting Files */ = {
			isa = PBXGroup;
			children = (
				C3B0993B17CE128500204B3C /* LuaMeadowiOS-Info.plist */,
				C3B0993C17CE128500204B3C /* InfoPlist.strings */,
				C3B0993F17CE128500204B3C /* main.m */,
				C3B0994117CE128500204B3C /* LuaMeadowiOS-Prefix.pch */,
				C3B0994517CE128500204B3C /* Default.png */,
				C3B0994717CE128500204B3C /* Default@2x.png */,
				C3B0994917CE128500204B3C /* Default-568h@2x.png */,
				C343972417D0D7970015B087 /* LuaMeadow_iPhone.xib */,
			);
			name = "Supporting Files";
			sourceTree = "<group>";
		};
		C3B0995017CE146A00204B3C /* export */ = {
			isa = PBXGroup;
			children = (
				C3B0995B17CE1F7E00204B3C /* dire-objc.cpp */,
				C3B0995117CE149A00204B3C /* DWMediator.h */,
				C3B0995217CE149A00204B3C /* DWMediator.mm */,
				C3B0995417CE184500204B3C /* DWMediator.hpp */,
				C343972617D0FABE0015B087 /* DWController.h */,
				C343972717D0FABE0015B087 /* DWController.mm */,
				C343972917D0FB850015B087 /* DWController.hpp */,
			);
			name = export;
			sourceTree = "<group>";
		};
/* End PBXGroup section */

/* Begin PBXLegacyTarget section */
		C3B0995517CE1EAB00204B3C /* SWIG OBJ-C Generator */ = {
			isa = PBXLegacyTarget;
			buildArgumentsString = "-c++ -lua -nocpperraswarn -o dire-objc.cpp dire-objc.i";
			buildConfigurationList = C3B0995617CE1EAB00204B3C /* Build configuration list for PBXLegacyTarget "SWIG OBJ-C Generator" */;
			buildPhases = (
			);
			buildToolPath = swig;
			buildWorkingDirectory = /Users/larusso/work/projects/larusso/LuaMeadow/LuaMeadowiOS;
			dependencies = (
			);
			name = "SWIG OBJ-C Generator";
			passBuildSettingsInEnvironment = 1;
			productName = "SWIG Generator";
		};
/* End PBXLegacyTarget section */

/* Begin PBXNativeTarget section */
		C3B0993017CE128400204B3C /* LuaMeadowiOS */ = {
			isa = PBXNativeTarget;
			buildConfigurationList = C3B0994B17CE128500204B3C /* Build configuration list for PBXNativeTarget "LuaMeadowiOS" */;
			buildPhases = (
				C3B0992D17CE128400204B3C /* Sources */,
				C3B0992E17CE128400204B3C /* Frameworks */,
				C3B0992F17CE128400204B3C /* Resources */,
				C3111DC317CE69AC00B7B2EE /* Copy Pods Resources */,
				C3111DD717CE77E200B7B2EE /* CopyFiles */,
				C3111DFD17CF2CA300B7B2EE /* CopyFiles */,
			);
			buildRules = (
			);
			dependencies = (
				C3FAF3D017D08DD2004B7B5E /* PBXTargetDependency */,
			);
			name = LuaMeadowiOS;
			productName = LuaMeadowiOS;
			productReference = C3B0993117CE128400204B3C /* LuaMeadowiOS.app */;
			productType = "com.apple.product-type.application";
		};
/* End PBXNativeTarget section */

/* Begin PBXProject section */
		C34B5BAA17C2707400C073A6 /* Project object */ = {
			isa = PBXProject;
			attributes = {
				LastUpgradeCheck = 0460;
				ORGANIZATIONNAME = Larusso;
			};
			buildConfigurationList = C34B5BAD17C2707400C073A6 /* Build configuration list for PBXProject "LuaMeadow" */;
			compatibilityVersion = "Xcode 3.2";
			developmentRegion = English;
			hasScannedForEncodings = 0;
			knownRegions = (
				en,
			);
			mainGroup = C34B5BA917C2707400C073A6;
			productRefGroup = C34B5BB317C2707400C073A6 /* Products */;
			projectDirPath = "";
			projectRoot = "";
			targets = (
				C3B0993017CE128400204B3C /* LuaMeadowiOS */,
				C3B0995517CE1EAB00204B3C /* SWIG OBJ-C Generator */,
			);
		};
/* End PBXProject section */

/* Begin PBXResourcesBuildPhase section */
		C3B0992F17CE128400204B3C /* Resources */ = {
			isa = PBXResourcesBuildPhase;
			buildActionMask = 2147483647;
			files = (
				C3B0993E17CE128500204B3C /* InfoPlist.strings in Resources */,
				C3B0994617CE128500204B3C /* Default.png in Resources */,
				C3B0994817CE128500204B3C /* Default@2x.png in Resources */,
				C3B0994A17CE128500204B3C /* Default-568h@2x.png in Resources */,
				C343972517D0D7970015B087 /* LuaMeadow_iPhone.xib in Resources */,
				C345AE5917D132ED0043060E /* lua in Resources */,
			);
			runOnlyForDeploymentPostprocessing = 0;
		};
/* End PBXResourcesBuildPhase section */

/* Begin PBXShellScriptBuildPhase section */
		C3111DC317CE69AC00B7B2EE /* Copy Pods Resources */ = {
			isa = PBXShellScriptBuildPhase;
			buildActionMask = 2147483647;
			files = (
			);
			inputPaths = (
			);
			name = "Copy Pods Resources";
			outputPaths = (
			);
			runOnlyForDeploymentPostprocessing = 0;
			shellPath = /bin/sh;
			shellScript = "\"${SRCROOT}/Pods/Pods-resources.sh\"\n";
		};
/* End PBXShellScriptBuildPhase section */

/* Begin PBXSourcesBuildPhase section */
		C3B0992D17CE128400204B3C /* Sources */ = {
			isa = PBXSourcesBuildPhase;
			buildActionMask = 2147483647;
			files = (
				C3111DC817CE72F800B7B2EE /* DWMediator.mm in Sources */,
				C3111DC917CE72F800B7B2EE /* DWAppDelegate.m in Sources */,
				C37E3C3F17CE5E2900DCCA9B /* dire-objc.cpp in Sources */,
				C3B0994017CE128500204B3C /* main.m in Sources */,
				C3D7671D17D0BEDA00897CA4 /* DWViewController.m in Sources */,
				C343972817D0FABE0015B087 /* DWController.mm in Sources */,
			);
			runOnlyForDeploymentPostprocessing = 0;
		};
/* End PBXSourcesBuildPhase section */

/* Begin PBXTargetDependency section */
		C3FAF3D017D08DD2004B7B5E /* PBXTargetDependency */ = {
			isa = PBXTargetDependency;
			target = C3B0995517CE1EAB00204B3C /* SWIG OBJ-C Generator */;
			targetProxy = C3FAF3CF17D08DD2004B7B5E /* PBXContainerItemProxy */;
		};
/* End PBXTargetDependency section */

/* Begin PBXVariantGroup section */
		C3B0993C17CE128500204B3C /* InfoPlist.strings */ = {
			isa = PBXVariantGroup;
			children = (
				C3B0993D17CE128500204B3C /* en */,
			);
			name = InfoPlist.strings;
			sourceTree = "<group>";
		};
/* End PBXVariantGroup section */

/* Begin XCBuildConfiguration section */
		C34B5BB917C2707400C073A6 /* Debug */ = {
			isa = XCBuildConfiguration;
			buildSettings = {
				ALWAYS_SEARCH_USER_PATHS = NO;
				ARCHS = "$(ARCHS_STANDARD_64_BIT)";
				CLANG_CXX_LANGUAGE_STANDARD = "gnu++0x";
				CLANG_CXX_LIBRARY = "libc++";
				CLANG_ENABLE_OBJC_ARC = YES;
				CLANG_WARN_CONSTANT_CONVERSION = YES;
				CLANG_WARN_EMPTY_BODY = YES;
				CLANG_WARN_ENUM_CONVERSION = YES;
				CLANG_WARN_INT_CONVERSION = YES;
				CLANG_WARN__DUPLICATE_METHOD_MATCH = YES;
				COPY_PHASE_STRIP = NO;
				GCC_C_LANGUAGE_STANDARD = gnu99;
				GCC_DYNAMIC_NO_PIC = NO;
				GCC_ENABLE_OBJC_EXCEPTIONS = YES;
				GCC_OPTIMIZATION_LEVEL = 0;
				GCC_PREPROCESSOR_DEFINITIONS = (
					"DEBUG=1",
					"$(inherited)",
				);
				GCC_SYMBOLS_PRIVATE_EXTERN = NO;
				GCC_WARN_64_TO_32_BIT_CONVERSION = YES;
				GCC_WARN_ABOUT_RETURN_TYPE = YES;
				GCC_WARN_UNINITIALIZED_AUTOS = YES;
				GCC_WARN_UNUSED_VARIABLE = YES;
				MACOSX_DEPLOYMENT_TARGET = 10.8;
				ONLY_ACTIVE_ARCH = YES;
				SDKROOT = macosx;
			};
			name = Debug;
		};
		C34B5BBA17C2707400C073A6 /* Release */ = {
			isa = XCBuildConfiguration;
			buildSettings = {
				ALWAYS_SEARCH_USER_PATHS = NO;
				ARCHS = "$(ARCHS_STANDARD_64_BIT)";
				CLANG_CXX_LANGUAGE_STANDARD = "gnu++0x";
				CLANG_CXX_LIBRARY = "libc++";
				CLANG_ENABLE_OBJC_ARC = YES;
				CLANG_WARN_CONSTANT_CONVERSION = YES;
				CLANG_WARN_EMPTY_BODY = YES;
				CLANG_WARN_ENUM_CONVERSION = YES;
				CLANG_WARN_INT_CONVERSION = YES;
				CLANG_WARN__DUPLICATE_METHOD_MATCH = YES;
				COPY_PHASE_STRIP = YES;
				DEBUG_INFORMATION_FORMAT = "dwarf-with-dsym";
				GCC_C_LANGUAGE_STANDARD = gnu99;
				GCC_ENABLE_OBJC_EXCEPTIONS = YES;
				GCC_WARN_64_TO_32_BIT_CONVERSION = YES;
				GCC_WARN_ABOUT_RETURN_TYPE = YES;
				GCC_WARN_UNINITIALIZED_AUTOS = YES;
				GCC_WARN_UNUSED_VARIABLE = YES;
				MACOSX_DEPLOYMENT_TARGET = 10.8;
				SDKROOT = macosx;
			};
			name = Release;
		};
		C3B0994C17CE128500204B3C /* Debug */ = {
			isa = XCBuildConfiguration;
			buildSettings = {
				ARCHS = "$(ARCHS_STANDARD_32_BIT)";
				"CODE_SIGN_IDENTITY[sdk=iphoneos*]" = "iPhone Developer";
				FRAMEWORK_SEARCH_PATHS = (
					"$(inherited)",
					"\"$(SYSTEM_APPS_DIR)/Xcode.app/Contents/Developer/Library/Frameworks\"",
				);
				GCC_PRECOMPILE_PREFIX_HEADER = YES;
				GCC_PREFIX_HEADER = "LuaMeadowiOS/LuaMeadowiOS-Prefix.pch";
				GCC_PREPROCESSOR_DEFINITIONS = (
					"$(inherited)",
					"COCOAPODS=1",
				);
				HEADER_SEARCH_PATHS = (
					"\"${PODS_ROOT}/Headers\"",
					"\"${PODS_ROOT}/Headers/lua\"",
				);
				INFOPLIST_FILE = "LuaMeadowiOS/LuaMeadowiOS-Info.plist";
				IPHONEOS_DEPLOYMENT_TARGET = 6.1;
				LIBRARY_SEARCH_PATHS = "$(inherited)";
				MACOSX_DEPLOYMENT_TARGET = "";
				OTHER_LDFLAGS = (
					"-v",
					"-lc++",
				);
				PODS_ROOT = "${SRCROOT}/Pods";
				PRODUCT_NAME = "$(TARGET_NAME)";
				SDKROOT = iphoneos;
				TARGETED_DEVICE_FAMILY = 1;
				WRAPPER_EXTENSION = app;
			};
			name = Debug;
		};
		C3B0994D17CE128500204B3C /* Release */ = {
			isa = XCBuildConfiguration;
			buildSettings = {
				ARCHS = "$(ARCHS_STANDARD_32_BIT)";
				"CODE_SIGN_IDENTITY[sdk=iphoneos*]" = "iPhone Developer";
				FRAMEWORK_SEARCH_PATHS = (
					"$(inherited)",
					"\"$(SYSTEM_APPS_DIR)/Xcode.app/Contents/Developer/Library/Frameworks\"",
				);
				GCC_PRECOMPILE_PREFIX_HEADER = YES;
				GCC_PREFIX_HEADER = "LuaMeadowiOS/LuaMeadowiOS-Prefix.pch";
				GCC_PREPROCESSOR_DEFINITIONS = "COCOAPODS=1";
				HEADER_SEARCH_PATHS = (
					"\"${PODS_ROOT}/Headers\"",
					"\"${PODS_ROOT}/Headers/lua\"",
				);
				INFOPLIST_FILE = "LuaMeadowiOS/LuaMeadowiOS-Info.plist";
				IPHONEOS_DEPLOYMENT_TARGET = 6.1;
				LIBRARY_SEARCH_PATHS = "$(inherited)";
				MACOSX_DEPLOYMENT_TARGET = "";
				OTHER_CFLAGS = "-DNS_BLOCK_ASSERTIONS=1";
				OTHER_LDFLAGS = (
					"-v",
					"-lc++",
				);
				PODS_ROOT = "${SRCROOT}/Pods";
				PRODUCT_NAME = "$(TARGET_NAME)";
				SDKROOT = iphoneos;
				TARGETED_DEVICE_FAMILY = 1;
				VALIDATE_PRODUCT = YES;
				WRAPPER_EXTENSION = app;
			};
			name = Release;
		};
		C3B0995717CE1EAB00204B3C /* Debug */ = {
			isa = XCBuildConfiguration;
			buildSettings = {
				COMBINE_HIDPI_IMAGES = YES;
				DEBUGGING_SYMBOLS = YES;
				GCC_GENERATE_DEBUGGING_SYMBOLS = YES;
				GCC_OPTIMIZATION_LEVEL = 0;
				OTHER_CFLAGS = "";
				OTHER_LDFLAGS = "";
				PRODUCT_NAME = "SWIG C++ Generator copy";
			};
			name = Debug;
		};
		C3B0995817CE1EAB00204B3C /* Release */ = {
			isa = XCBuildConfiguration;
			buildSettings = {
				COMBINE_HIDPI_IMAGES = YES;
				OTHER_CFLAGS = "";
				OTHER_LDFLAGS = "";
				PRODUCT_NAME = "SWIG C++ Generator copy";
			};
			name = Release;
		};
/* End XCBuildConfiguration section */

/* Begin XCConfigurationList section */
		C34B5BAD17C2707400C073A6 /* Build configuration list for PBXProject "LuaMeadow" */ = {
			isa = XCConfigurationList;
			buildConfigurations = (
				C34B5BB917C2707400C073A6 /* Debug */,
				C34B5BBA17C2707400C073A6 /* Release */,
			);
			defaultConfigurationIsVisible = 0;
			defaultConfigurationName = Release;
		};
		C3B0994B17CE128500204B3C /* Build configuration list for PBXNativeTarget "LuaMeadowiOS" */ = {
			isa = XCConfigurationList;
			buildConfigurations = (
				C3B0994C17CE128500204B3C /* Debug */,
				C3B0994D17CE128500204B3C /* Release */,
			);
			defaultConfigurationIsVisible = 0;
			defaultConfigurationName = Release;
		};
		C3B0995617CE1EAB00204B3C /* Build configuration list for PBXLegacyTarget "SWIG OBJ-C Generator" */ = {
			isa = XCConfigurationList;
			buildConfigurations = (
				C3B0995717CE1EAB00204B3C /* Debug */,
				C3B0995817CE1EAB00204B3C /* Release */,
			);
			defaultConfigurationIsVisible = 0;
			defaultConfigurationName = Release;
		};
/* End XCConfigurationList section */
	};
	rootObject = C34B5BAA17C2707400C073A6 /* Project object */;
}
